// !$*UTF8*$!
{
	archiveVersion = 1;
	classes = {
	};
	objectVersion = 51;
	objects = {

/* Begin PBXBuildFile section */
		4807066D1AB82DABDDE80020 /* Pods_NASAnewsFeed.framework in Frameworks */ = {isa = PBXBuildFile; fileRef = 2D74C3F84093541F4BED206C /* Pods_NASAnewsFeed.framework */; };
		BC5F8F1523893B9100BF1EFE /* AppDelegate.swift in Sources */ = {isa = PBXBuildFile; fileRef = BC5F8F1423893B9100BF1EFE /* AppDelegate.swift */; };
		BC5F8F1723893B9100BF1EFE /* SceneDelegate.swift in Sources */ = {isa = PBXBuildFile; fileRef = BC5F8F1623893B9100BF1EFE /* SceneDelegate.swift */; };
		BC5F8F1923893B9100BF1EFE /* ViewController.swift in Sources */ = {isa = PBXBuildFile; fileRef = BC5F8F1823893B9100BF1EFE /* ViewController.swift */; };
		BC5F8F1C23893B9100BF1EFE /* Main.storyboard in Resources */ = {isa = PBXBuildFile; fileRef = BC5F8F1A23893B9100BF1EFE /* Main.storyboard */; };
		BC5F8F1E23893B9800BF1EFE /* Assets.xcassets in Resources */ = {isa = PBXBuildFile; fileRef = BC5F8F1D23893B9800BF1EFE /* Assets.xcassets */; };
		BC5F8F2123893B9800BF1EFE /* LaunchScreen.storyboard in Resources */ = {isa = PBXBuildFile; fileRef = BC5F8F1F23893B9800BF1EFE /* LaunchScreen.storyboard */; };
		BC5F8F2923893F7800BF1EFE /* SecondViewController.swift in Sources */ = {isa = PBXBuildFile; fileRef = BC5F8F2823893F7800BF1EFE /* SecondViewController.swift */; };
		BC5F8F2B23893F8C00BF1EFE /* ThirdViewController.swift in Sources */ = {isa = PBXBuildFile; fileRef = BC5F8F2A23893F8C00BF1EFE /* ThirdViewController.swift */; };
		BC5F8F3123893FE100BF1EFE /* Item.swift in Sources */ = {isa = PBXBuildFile; fileRef = BC5F8F3023893FE100BF1EFE /* Item.swift */; };
		BC5F8F332389427C00BF1EFE /* FeedTableViewCell.swift in Sources */ = {isa = PBXBuildFile; fileRef = BC5F8F322389427C00BF1EFE /* FeedTableViewCell.swift */; };
/* End PBXBuildFile section */

/* Begin PBXFileReference section */
		2D74C3F84093541F4BED206C /* Pods_NASAnewsFeed.framework */ = {isa = PBXFileReference; explicitFileType = wrapper.framework; includeInIndex = 0; path = Pods_NASAnewsFeed.framework; sourceTree = BUILT_PRODUCTS_DIR; };
		A00F5E1A6AA390051F241DEF /* Pods-NASAnewsFeed.release.xcconfig */ = {isa = PBXFileReference; includeInIndex = 1; lastKnownFileType = text.xcconfig; name = "Pods-NASAnewsFeed.release.xcconfig"; path = "Target Support Files/Pods-NASAnewsFeed/Pods-NASAnewsFeed.release.xcconfig"; sourceTree = "<group>"; };
		A62E2C1BCE44A415F925075B /* Pods-NASAnewsFeed.debug.xcconfig */ = {isa = PBXFileReference; includeInIndex = 1; lastKnownFileType = text.xcconfig; name = "Pods-NASAnewsFeed.debug.xcconfig"; path = "Target Support Files/Pods-NASAnewsFeed/Pods-NASAnewsFeed.debug.xcconfig"; sourceTree = "<group>"; };
		BC5F8F1123893B9100BF1EFE /* NASAnewsFeed.app */ = {isa = PBXFileReference; explicitFileType = wrapper.application; includeInIndex = 0; path = NASAnewsFeed.app; sourceTree = BUILT_PRODUCTS_DIR; };
		BC5F8F1423893B9100BF1EFE /* AppDelegate.swift */ = {isa = PBXFileReference; lastKnownFileType = sourcecode.swift; path = AppDelegate.swift; sourceTree = "<group>"; };
		BC5F8F1623893B9100BF1EFE /* SceneDelegate.swift */ = {isa = PBXFileReference; lastKnownFileType = sourcecode.swift; path = SceneDelegate.swift; sourceTree = "<group>"; };
		BC5F8F1823893B9100BF1EFE /* ViewController.swift */ = {isa = PBXFileReference; lastKnownFileType = sourcecode.swift; path = ViewController.swift; sourceTree = "<group>"; };
		BC5F8F1B23893B9100BF1EFE /* Base */ = {isa = PBXFileReference; lastKnownFileType = file.storyboard; name = Base; path = Base.lproj/Main.storyboard; sourceTree = "<group>"; };
		BC5F8F1D23893B9800BF1EFE /* Assets.xcassets */ = {isa = PBXFileReference; lastKnownFileType = folder.assetcatalog; path = Assets.xcassets; sourceTree = "<group>"; };
		BC5F8F2023893B9800BF1EFE /* Base */ = {isa = PBXFileReference; lastKnownFileType = file.storyboard; name = Base; path = Base.lproj/LaunchScreen.storyboard; sourceTree = "<group>"; };
		BC5F8F2223893B9800BF1EFE /* Info.plist */ = {isa = PBXFileReference; lastKnownFileType = text.plist.xml; path = Info.plist; sourceTree = "<group>"; };
		BC5F8F2823893F7800BF1EFE /* SecondViewController.swift */ = {isa = PBXFileReference; lastKnownFileType = sourcecode.swift; path = SecondViewController.swift; sourceTree = "<group>"; };
		BC5F8F2A23893F8C00BF1EFE /* ThirdViewController.swift */ = {isa = PBXFileReference; lastKnownFileType = sourcecode.swift; path = ThirdViewController.swift; sourceTree = "<group>"; };
		BC5F8F3023893FE100BF1EFE /* Item.swift */ = {isa = PBXFileReference; lastKnownFileType = sourcecode.swift; path = Item.swift; sourceTree = "<group>"; };
		BC5F8F322389427C00BF1EFE /* FeedTableViewCell.swift */ = {isa = PBXFileReference; lastKnownFileType = sourcecode.swift; path = FeedTableViewCell.swift; sourceTree = "<group>"; };
/* End PBXFileReference section */

/* Begin PBXFrameworksBuildPhase section */
		BC5F8F0E23893B9100BF1EFE /* Frameworks */ = {
			isa = PBXFrameworksBuildPhase;
			buildActionMask = 2147483647;
			files = (
				4807066D1AB82DABDDE80020 /* Pods_NASAnewsFeed.framework in Frameworks */,
			);
			runOnlyForDeploymentPostprocessing = 0;
		};
/* End PBXFrameworksBuildPhase section */

/* Begin PBXGroup section */
		75834BB649E62DDBC6DECC0A /* Frameworks */ = {
			isa = PBXGroup;
			children = (
				2D74C3F84093541F4BED206C /* Pods_NASAnewsFeed.framework */,
			);
			name = Frameworks;
			sourceTree = "<group>";
		};
		77E41998CB8C68D4D54C2974 /* Pods */ = {
			isa = PBXGroup;
			children = (
				A62E2C1BCE44A415F925075B /* Pods-NASAnewsFeed.debug.xcconfig */,
				A00F5E1A6AA390051F241DEF /* Pods-NASAnewsFeed.release.xcconfig */,
			);
			path = Pods;
			sourceTree = "<group>";
		};
		BC5F8F0823893B9100BF1EFE = {
			isa = PBXGroup;
			children = (
				BC5F8F1323893B9100BF1EFE /* NASAnewsFeed */,
				BC5F8F1223893B9100BF1EFE /* Products */,
				77E41998CB8C68D4D54C2974 /* Pods */,
				75834BB649E62DDBC6DECC0A /* Frameworks */,
			);
			sourceTree = "<group>";
		};
		BC5F8F1223893B9100BF1EFE /* Products */ = {
			isa = PBXGroup;
			children = (
				BC5F8F1123893B9100BF1EFE /* NASAnewsFeed.app */,
			);
			name = Products;
			sourceTree = "<group>";
		};
		BC5F8F1323893B9100BF1EFE /* NASAnewsFeed */ = {
			isa = PBXGroup;
			children = (
				BC5F8F2E23893FB800BF1EFE /* AppDelegate */,
				BC5F8F2D23893FA700BF1EFE /* Controllers */,
				BC5F8F2F23893FC900BF1EFE /* Models */,
				BC5F8F2C23893F9900BF1EFE /* Views */,
				BC5F8F1D23893B9800BF1EFE /* Assets.xcassets */,
				BC5F8F2223893B9800BF1EFE /* Info.plist */,
			);
			path = NASAnewsFeed;
			sourceTree = "<group>";
		};
		BC5F8F2C23893F9900BF1EFE /* Views */ = {
			isa = PBXGroup;
			children = (
				BC5F8F1A23893B9100BF1EFE /* Main.storyboard */,
				BC5F8F1F23893B9800BF1EFE /* LaunchScreen.storyboard */,
			);
			path = Views;
			sourceTree = "<group>";
		};
		BC5F8F2D23893FA700BF1EFE /* Controllers */ = {
			isa = PBXGroup;
			children = (
				BC5F8F1823893B9100BF1EFE /* ViewController.swift */,
				BC5F8F2823893F7800BF1EFE /* SecondViewController.swift */,
				BC5F8F2A23893F8C00BF1EFE /* ThirdViewController.swift */,
				BC5F8F322389427C00BF1EFE /* FeedTableViewCell.swift */,
			);
			path = Controllers;
			sourceTree = "<group>";
		};
		BC5F8F2E23893FB800BF1EFE /* AppDelegate */ = {
			isa = PBXGroup;
			children = (
				BC5F8F1423893B9100BF1EFE /* AppDelegate.swift */,
				BC5F8F1623893B9100BF1EFE /* SceneDelegate.swift */,
			);
			path = AppDelegate;
			sourceTree = "<group>";
		};
		BC5F8F2F23893FC900BF1EFE /* Models */ = {
			isa = PBXGroup;
			children = (
				BC5F8F3023893FE100BF1EFE /* Item.swift */,
			);
			path = Models;
			sourceTree = "<group>";
		};
/* End PBXGroup section */

/* Begin PBXNativeTarget section */
		BC5F8F1023893B9100BF1EFE /* NASAnewsFeed */ = {
			isa = PBXNativeTarget;
			buildConfigurationList = BC5F8F2523893B9800BF1EFE /* Build configuration list for PBXNativeTarget "NASAnewsFeed" */;
			buildPhases = (
				3629EA7002E3A9C47DB41F80 /* [CP] Check Pods Manifest.lock */,
				BC5F8F0D23893B9100BF1EFE /* Sources */,
				BC5F8F0E23893B9100BF1EFE /* Frameworks */,
				BC5F8F0F23893B9100BF1EFE /* Resources */,
				C6BE1C8D9B7C40B061BCCE6B /* [CP] Embed Pods Frameworks */,
			);
			buildRules = (
			);
			dependencies = (
			);
			name = NASAnewsFeed;
			productName = NASAnewsFeed;
			productReference = BC5F8F1123893B9100BF1EFE /* NASAnewsFeed.app */;
			productType = "com.apple.product-type.application";
		};
/* End PBXNativeTarget section */

/* Begin PBXProject section */
		BC5F8F0923893B9100BF1EFE /* Project object */ = {
			isa = PBXProject;
			attributes = {
				LastSwiftUpdateCheck = 1120;
				LastUpgradeCheck = 1120;
				ORGANIZATIONNAME = "Karlis Cars";
				TargetAttributes = {
					BC5F8F1023893B9100BF1EFE = {
						CreatedOnToolsVersion = 11.2.1;
					};
				};
			};
			buildConfigurationList = BC5F8F0C23893B9100BF1EFE /* Build configuration list for PBXProject "NASAnewsFeed" */;
			compatibilityVersion = "Xcode 9.3";
			developmentRegion = en;
			hasScannedForEncodings = 0;
			knownRegions = (
				en,
				Base,
			);
			mainGroup = BC5F8F0823893B9100BF1EFE;
			productRefGroup = BC5F8F1223893B9100BF1EFE /* Products */;
			projectDirPath = "";
			projectRoot = "";
			targets = (
				BC5F8F1023893B9100BF1EFE /* NASAnewsFeed */,
			);
		};
/* End PBXProject section */

/* Begin PBXResourcesBuildPhase section */
		BC5F8F0F23893B9100BF1EFE /* Resources */ = {
			isa = PBXResourcesBuildPhase;
			buildActionMask = 2147483647;
			files = (
				BC5F8F2123893B9800BF1EFE /* LaunchScreen.storyboard in Resources */,
				BC5F8F1E23893B9800BF1EFE /* Assets.xcassets in Resources */,
				BC5F8F1C23893B9100BF1EFE /* Main.storyboard in Resources */,
			);
			runOnlyForDeploymentPostprocessing = 0;
		};
/* End PBXResourcesBuildPhase section */

/* Begin PBXShellScriptBuildPhase section */
		3629EA7002E3A9C47DB41F80 /* [CP] Check Pods Manifest.lock */ = {
			isa = PBXShellScriptBuildPhase;
			buildActionMask = 2147483647;
			files = (
			);
			inputFileListPaths = (
			);
			inputPaths = (
				"${PODS_PODFILE_DIR_PATH}/Podfile.lock",
				"${PODS_ROOT}/Manifest.lock",
			);
			name = "[CP] Check Pods Manifest.lock";
			outputFileListPaths = (
			);
			outputPaths = (
				"$(DERIVED_FILE_DIR)/Pods-NASAnewsFeed-checkManifestLockResult.txt",
			);
			runOnlyForDeploymentPostprocessing = 0;
			shellPath = /bin/sh;
			shellScript = "diff \"${PODS_PODFILE_DIR_PATH}/Podfile.lock\" \"${PODS_ROOT}/Manifest.lock\" > /dev/null\nif [ $? != 0 ] ; then\n    # print error to STDERR\n    echo \"error: The sandbox is not in sync with the Podfile.lock. Run 'pod install' or update your CocoaPods installation.\" >&2\n    exit 1\nfi\n# This output is used by Xcode 'outputs' to avoid re-running this script phase.\necho \"SUCCESS\" > \"${SCRIPT_OUTPUT_FILE_0}\"\n";
			showEnvVarsInLog = 0;
		};
		C6BE1C8D9B7C40B061BCCE6B /* [CP] Embed Pods Frameworks */ = {
			isa = PBXShellScriptBuildPhase;
			buildActionMask = 2147483647;
			files = (
			);
			inputFileListPaths = (
				"${PODS_ROOT}/Target Support Files/Pods-NASAnewsFeed/Pods-NASAnewsFeed-frameworks-${CONFIGURATION}-input-files.xcfilelist",
			);
			name = "[CP] Embed Pods Frameworks";
			outputFileListPaths = (
				"${PODS_ROOT}/Target Support Files/Pods-NASAnewsFeed/Pods-NASAnewsFeed-frameworks-${CONFIGURATION}-output-files.xcfilelist",
			);
			runOnlyForDeploymentPostprocessing = 0;
			shellPath = /bin/sh;
			shellScript = "\"${PODS_ROOT}/Target Support Files/Pods-NASAnewsFeed/Pods-NASAnewsFeed-frameworks.sh\"\n";
			showEnvVarsInLog = 0;
		};
/* End PBXShellScriptBuildPhase section */

/* Begin PBXSourcesBuildPhase section */
		BC5F8F0D23893B9100BF1EFE /* Sources */ = {
			isa = PBXSourcesBuildPhase;
			buildActionMask = 2147483647;
			files = (
				BC5F8F2923893F7800BF1EFE /* SecondViewController.swift in Sources */,
				BC5F8F1923893B9100BF1EFE /* ViewController.swift in Sources */,
				BC5F8F332389427C00BF1EFE /* FeedTableViewCell.swift in Sources */,
				BC5F8F2B23893F8C00BF1EFE /* ThirdViewController.swift in Sources */,
				BC5F8F1523893B9100BF1EFE /* AppDelegate.swift in Sources */,
				BC5F8F3123893FE100BF1EFE /* Item.swift in Sources */,
				BC5F8F1723893B9100BF1EFE /* SceneDelegate.swift in Sources */,
			);
			runOnlyForDeploymentPostprocessing = 0;
		};
/* End PBXSourcesBuildPhase section */

/* Begin PBXVariantGroup section */
		BC5F8F1A23893B9100BF1EFE /* Main.storyboard */ = {
			isa = PBXVariantGroup;
			children = (
				BC5F8F1B23893B9100BF1EFE /* Base */,
			);
			name = Main.storyboard;
			sourceTree = "<group>";
		};
		BC5F8F1F23893B9800BF1EFE /* LaunchScreen.storyboard */ = {
			isa = PBXVariantGroup;
			children = (
				BC5F8F2023893B9800BF1EFE /* Base */,
			);
			name = LaunchScreen.storyboard;
			sourceTree = "<group>";
		};
/* End PBXVariantGroup section */

/* Begin XCBuildConfiguration section */
		BC5F8F2323893B9800BF1EFE /* Debug */ = {
			isa = XCBuildConfiguration;
			buildSettings = {
				ALWAYS_SEARCH_USER_PATHS = NO;
				CLANG_ANALYZER_NONNULL = YES;
				CLANG_ANALYZER_NUMBER_OBJECT_CONVERSION = YES_AGGRESSIVE;
				CLANG_CXX_LANGUAGE_STANDARD = "gnu++14";
				CLANG_CXX_LIBRARY = "libc++";
				CLANG_ENABLE_MODULES = YES;
				CLANG_ENABLE_OBJC_ARC = YES;
				CLANG_ENABLE_OBJC_WEAK = YES;
				CLANG_WARN_BLOCK_CAPTURE_AUTORELEASING = YES;
				CLANG_WARN_BOOL_CONVERSION = YES;
				CLANG_WARN_COMMA = YES;
				CLANG_WARN_CONSTANT_CONVERSION = YES;
				CLANG_WARN_DEPRECATED_OBJC_IMPLEMENTATIONS = YES;
				CLANG_WARN_DIRECT_OBJC_ISA_USAGE = YES_ERROR;
				CLANG_WARN_DOCUMENTATION_COMMENTS = YES;
				CLANG_WARN_EMPTY_BODY = YES;
				CLANG_WARN_ENUM_CONVERSION = YES;
				CLANG_WARN_INFINITE_RECURSION = YES;
				CLANG_WARN_INT_CONVERSION = YES;
				CLANG_WARN_NON_LITERAL_NULL_CONVERSION = YES;
				CLANG_WARN_OBJC_IMPLICIT_RETAIN_SELF = YES;
				CLANG_WARN_OBJC_LITERAL_CONVERSION = YES;
				CLANG_WARN_OBJC_ROOT_CLASS = YES_ERROR;
				CLANG_WARN_RANGE_LOOP_ANALYSIS = YES;
				CLANG_WARN_STRICT_PROTOTYPES = YES;
				CLANG_WARN_SUSPICIOUS_MOVE = YES;
				CLANG_WARN_UNGUARDED_AVAILABILITY = YES_AGGRESSIVE;
				CLANG_WARN_UNREACHABLE_CODE = YES;
				CLANG_WARN__DUPLICATE_METHOD_MATCH = YES;
				COPY_PHASE_STRIP = NO;
				DEBUG_INFORMATION_FORMAT = dwarf;
				ENABLE_STRICT_OBJC_MSGSEND = YES;
				ENABLE_TESTABILITY = YES;
				GCC_C_LANGUAGE_STANDARD = gnu11;
				GCC_DYNAMIC_NO_PIC = NO;
				GCC_NO_COMMON_BLOCKS = YES;
				GCC_OPTIMIZATION_LEVEL = 0;
				GCC_PREPROCESSOR_DEFINITIONS = (
					"DEBUG=1",
					"$(inherited)",
				);
				GCC_WARN_64_TO_32_BIT_CONVERSION = YES;
				GCC_WARN_ABOUT_RETURN_TYPE = YES_ERROR;
				GCC_WARN_UNDECLARED_SELECTOR = YES;
				GCC_WARN_UNINITIALIZED_AUTOS = YES_AGGRESSIVE;
				GCC_WARN_UNUSED_FUNCTION = YES;
				GCC_WARN_UNUSED_VARIABLE = YES;
				IPHONEOS_DEPLOYMENT_TARGET = 13.2;
				MTL_ENABLE_DEBUG_INFO = INCLUDE_SOURCE;
				MTL_FAST_MATH = YES;
				ONLY_ACTIVE_ARCH = YES;
				SDKROOT = iphoneos;
				SWIFT_ACTIVE_COMPILATION_CONDITIONS = DEBUG;
				SWIFT_OPTIMIZATION_LEVEL = "-Onone";
			};
			name = Debug;
		};
		BC5F8F2423893B9800BF1EFE /* Release */ = {
			isa = XCBuildConfiguration;
			buildSettings = {
				ALWAYS_SEARCH_USER_PATHS = NO;
				CLANG_ANALYZER_NONNULL = YES;
				CLANG_ANALYZER_NUMBER_OBJECT_CONVERSION = YES_AGGRESSIVE;
				CLANG_CXX_LANGUAGE_STANDARD = "gnu++14";
				CLANG_CXX_LIBRARY = "libc++";
				CLANG_ENABLE_MODULES = YES;
				CLANG_ENABLE_OBJC_ARC = YES;
				CLANG_ENABLE_OBJC_WEAK = YES;
				CLANG_WARN_BLOCK_CAPTURE_AUTORELEASING = YES;
				CLANG_WARN_BOOL_CONVERSION = YES;
				CLANG_WARN_COMMA = YES;
				CLANG_WARN_CONSTANT_CONVERSION = YES;
				CLANG_WARN_DEPRECATED_OBJC_IMPLEMENTATIONS = YES;
				CLANG_WARN_DIRECT_OBJC_ISA_USAGE = YES_ERROR;
				CLANG_WARN_DOCUMENTATION_COMMENTS = YES;
				CLANG_WARN_EMPTY_BODY = YES;
				CLANG_WARN_ENUM_CONVERSION = YES;
				CLANG_WARN_INFINITE_RECURSION = YES;
				CLANG_WARN_INT_CONVERSION = YES;
				CLANG_WARN_NON_LITERAL_NULL_CONVERSION = YES;
				CLANG_WARN_OBJC_IMPLICIT_RETAIN_SELF = YES;
				CLANG_WARN_OBJC_LITERAL_CONVERSION = YES;
				CLANG_WARN_OBJC_ROOT_CLASS = YES_ERROR;
				CLANG_WARN_RANGE_LOOP_ANALYSIS = YES;
				CLANG_WARN_STRICT_PROTOTYPES = YES;
				CLANG_WARN_SUSPICIOUS_MOVE = YES;
				CLANG_WARN_UNGUARDED_AVAILABILITY = YES_AGGRESSIVE;
				CLANG_WARN_UNREACHABLE_CODE = YES;
				CLANG_WARN__DUPLICATE_METHOD_MATCH = YES;
				COPY_PHASE_STRIP = NO;
				DEBUG_INFORMATION_FORMAT = "dwarf-with-dsym";
				ENABLE_NS_ASSERTIONS = NO;
				ENABLE_STRICT_OBJC_MSGSEND = YES;
				GCC_C_LANGUAGE_STANDARD = gnu11;
				GCC_NO_COMMON_BLOCKS = YES;
				GCC_WARN_64_TO_32_BIT_CONVERSION = YES;
				GCC_WARN_ABOUT_RETURN_TYPE = YES_ERROR;
				GCC_WARN_UNDECLARED_SELECTOR = YES;
				GCC_WARN_UNINITIALIZED_AUTOS = YES_AGGRESSIVE;
				GCC_WARN_UNUSED_FUNCTION = YES;
				GCC_WARN_UNUSED_VARIABLE = YES;
				IPHONEOS_DEPLOYMENT_TARGET = 13.2;
				MTL_ENABLE_DEBUG_INFO = NO;
				MTL_FAST_MATH = YES;
				SDKROOT = iphoneos;
				SWIFT_COMPILATION_MODE = wholemodule;
				SWIFT_OPTIMIZATION_LEVEL = "-O";
				VALIDATE_PRODUCT = YES;
			};
			name = Release;
		};
		BC5F8F2623893B9800BF1EFE /* Debug */ = {
			isa = XCBuildConfiguration;
			baseConfigurationReference = A62E2C1BCE44A415F925075B /* Pods-NASAnewsFeed.debug.xcconfig */;
			buildSettings = {
				ASSETCATALOG_COMPILER_APPICON_NAME = AppIcon;
				CODE_SIGN_STYLE = Automatic;
				DEVELOPMENT_TEAM = 5LDM4NM6JZ;
				INFOPLIST_FILE = NASAnewsFeed/Info.plist;
				LD_RUNPATH_SEARCH_PATHS = (
					"$(inherited)",
					"@executable_path/Frameworks",
				);
				PRODUCT_BUNDLE_IDENTIFIER = com.kcars.NASAnewsFeed;
				PRODUCT_NAME = "$(TARGET_NAME)";
				SWIFT_VERSION = 5.0;
				TARGETED_DEVICE_FAMILY = "1,2";
			};
			name = Debug;
		};
		BC5F8F2723893B9800BF1EFE /* Release */ = {
			isa = XCBuildConfiguration;
			baseConfigurationReference = A00F5E1A6AA390051F241DEF /* Pods-NASAnewsFeed.release.xcconfig */;
			buildSettings = {
				ASSETCATALOG_COMPILER_APPICON_NAME = AppIcon;
				CODE_SIGN_STYLE = Automatic;
				DEVELOPMENT_TEAM = 5LDM4NM6JZ;
				INFOPLIST_FILE = NASAnewsFeed/Info.plist;
				LD_RUNPATH_SEARCH_PATHS = (
					"$(inherited)",
					"@executable_path/Frameworks",
				);
				PRODUCT_BUNDLE_IDENTIFIER = com.kcars.NASAnewsFeed;
				PRODUCT_NAME = "$(TARGET_NAME)";
				SWIFT_VERSION = 5.0;
				TARGETED_DEVICE_FAMILY = "1,2";
			};
			name = Release;
		};
/* End XCBuildConfiguration section */

/* Begin XCConfigurationList section */
		BC5F8F0C23893B9100BF1EFE /* Build configuration list for PBXProject "NASAnewsFeed" */ = {
			isa = XCConfigurationList;
			buildConfigurations = (
				BC5F8F2323893B9800BF1EFE /* Debug */,
				BC5F8F2423893B9800BF1EFE /* Release */,
			);
			defaultConfigurationIsVisible = 0;
			defaultConfigurationName = Release;
		};
		BC5F8F2523893B9800BF1EFE /* Build configuration list for PBXNativeTarget "NASAnewsFeed" */ = {
			isa = XCConfigurationList;
			buildConfigurations = (
				BC5F8F2623893B9800BF1EFE /* Debug */,
				BC5F8F2723893B9800BF1EFE /* Release */,
			);
			defaultConfigurationIsVisible = 0;
			defaultConfigurationName = Release;
		};
/* End XCConfigurationList section */
	};
	rootObject = BC5F8F0923893B9100BF1EFE /* Project object */;
}
